// !$*UTF8*$!
{
	archiveVersion = 1;
	classes = {
	};
	objectVersion = 52;
	objects = {

/* Begin PBXBuildFile section */
		49A01F4A25D6B64E00B1E75A /* PhotoWidgetApp.swift in Sources */ = {isa = PBXBuildFile; fileRef = 49A01F4925D6B64E00B1E75A /* PhotoWidgetApp.swift */; };
		49A01F4E25D6B65100B1E75A /* Assets.xcassets in Resources */ = {isa = PBXBuildFile; fileRef = 49A01F4D25D6B65100B1E75A /* Assets.xcassets */; };
		49A01F5125D6B65100B1E75A /* Preview Assets.xcassets in Resources */ = {isa = PBXBuildFile; fileRef = 49A01F5025D6B65100B1E75A /* Preview Assets.xcassets */; };
		49A01F6025D6C6E600B1E75A /* WidgetKit.framework in Frameworks */ = {isa = PBXBuildFile; fileRef = 49A01F5F25D6C6E600B1E75A /* WidgetKit.framework */; };
		49A01F6225D6C6E600B1E75A /* SwiftUI.framework in Frameworks */ = {isa = PBXBuildFile; fileRef = 49A01F6125D6C6E600B1E75A /* SwiftUI.framework */; };
		49A01F6725D6C6E700B1E75A /* Assets.xcassets in Resources */ = {isa = PBXBuildFile; fileRef = 49A01F6625D6C6E700B1E75A /* Assets.xcassets */; };
		49A01F6B25D6C6E700B1E75A /* WidgetsExtension.appex in Embed App Extensions */ = {isa = PBXBuildFile; fileRef = 49A01F5D25D6C6E600B1E75A /* WidgetsExtension.appex */; settings = {ATTRIBUTES = (RemoveHeadersOnCopy, ); }; };
		49A01F7925D6C92B00B1E75A /* PhotoWidgetView.swift in Sources */ = {isa = PBXBuildFile; fileRef = 49A01F7825D6C92B00B1E75A /* PhotoWidgetView.swift */; };
		49A01F7C25D6C93000B1E75A /* PhotoWidgetView.swift in Sources */ = {isa = PBXBuildFile; fileRef = 49A01F7825D6C92B00B1E75A /* PhotoWidgetView.swift */; };
		49A01F8125D6C93600B1E75A /* PhotoWidget.swift in Sources */ = {isa = PBXBuildFile; fileRef = 49A01F7225D6C78B00B1E75A /* PhotoWidget.swift */; };
		49A01F8525D6C9A900B1E75A /* PhotoWidgetData.swift in Sources */ = {isa = PBXBuildFile; fileRef = 49A01F8425D6C9A900B1E75A /* PhotoWidgetData.swift */; };
		49A01F8825D6CA0F00B1E75A /* PhotoWidgetData.swift in Sources */ = {isa = PBXBuildFile; fileRef = 49A01F8425D6C9A900B1E75A /* PhotoWidgetData.swift */; };
		49D5BE2725D7F45A003EBA9F /* WidgetLayout.swift in Sources */ = {isa = PBXBuildFile; fileRef = 49D5BE2625D7F45A003EBA9F /* WidgetLayout.swift */; };
		49D5BE2825D7F45A003EBA9F /* WidgetLayout.swift in Sources */ = {isa = PBXBuildFile; fileRef = 49D5BE2625D7F45A003EBA9F /* WidgetLayout.swift */; };
		49D5BE3425D81861003EBA9F /* URLImage in Frameworks */ = {isa = PBXBuildFile; productRef = 49D5BE3325D81861003EBA9F /* URLImage */; };
		49D5BE3825D81986003EBA9F /* URLImage in Frameworks */ = {isa = PBXBuildFile; productRef = 49D5BE3725D81986003EBA9F /* URLImage */; };
		49D5BE4F25D821F1003EBA9F /* PhotoWidgetSettings.swift in Sources */ = {isa = PBXBuildFile; fileRef = 49D5BE3B25D81B09003EBA9F /* PhotoWidgetSettings.swift */; };
		49D5BE5425D82206003EBA9F /* WidgetPreviewView.swift in Sources */ = {isa = PBXBuildFile; fileRef = 49D5BE4725D81D23003EBA9F /* WidgetPreviewView.swift */; };
		49D5BE5B25D82223003EBA9F /* WidgetBuilderView.swift in Sources */ = {isa = PBXBuildFile; fileRef = 49D5BE4025D81C1A003EBA9F /* WidgetBuilderView.swift */; };
		49D5BE5E25D82359003EBA9F /* Assets.xcassets in Resources */ = {isa = PBXBuildFile; fileRef = 49A01F6625D6C6E700B1E75A /* Assets.xcassets */; };
		49D5BE6225D8356A003EBA9F /* WidgetUtil.swift in Sources */ = {isa = PBXBuildFile; fileRef = 49D5BE6125D8356A003EBA9F /* WidgetUtil.swift */; };
		49D5BE6625D83FB6003EBA9F /* WidgetSettingsView.swift in Sources */ = {isa = PBXBuildFile; fileRef = 49D5BE6525D83FB6003EBA9F /* WidgetSettingsView.swift */; };
		49D5BE6D25D840B7003EBA9F /* WidgetFamilySelector.swift in Sources */ = {isa = PBXBuildFile; fileRef = 49D5BE6C25D840B7003EBA9F /* WidgetFamilySelector.swift */; };
/* End PBXBuildFile section */

/* Begin PBXContainerItemProxy section */
		49A01F6925D6C6E700B1E75A /* PBXContainerItemProxy */ = {
			isa = PBXContainerItemProxy;
			containerPortal = 49A01F3E25D6B64E00B1E75A /* Project object */;
			proxyType = 1;
			remoteGlobalIDString = 49A01F5C25D6C6E600B1E75A;
			remoteInfo = WidgetsExtension;
		};
/* End PBXContainerItemProxy section */

/* Begin PBXCopyFilesBuildPhase section */
		49A01F6F25D6C6E700B1E75A /* Embed App Extensions */ = {
			isa = PBXCopyFilesBuildPhase;
			buildActionMask = 2147483647;
			dstPath = "";
			dstSubfolderSpec = 13;
			files = (
				49A01F6B25D6C6E700B1E75A /* WidgetsExtension.appex in Embed App Extensions */,
			);
			name = "Embed App Extensions";
			runOnlyForDeploymentPostprocessing = 0;
		};
/* End PBXCopyFilesBuildPhase section */

/* Begin PBXFileReference section */
		49A01F4625D6B64E00B1E75A /* PhotoWidget.app */ = {isa = PBXFileReference; explicitFileType = wrapper.application; includeInIndex = 0; path = PhotoWidget.app; sourceTree = BUILT_PRODUCTS_DIR; };
		49A01F4925D6B64E00B1E75A /* PhotoWidgetApp.swift */ = {isa = PBXFileReference; lastKnownFileType = sourcecode.swift; path = PhotoWidgetApp.swift; sourceTree = "<group>"; };
		49A01F4D25D6B65100B1E75A /* Assets.xcassets */ = {isa = PBXFileReference; lastKnownFileType = folder.assetcatalog; path = Assets.xcassets; sourceTree = "<group>"; };
		49A01F5025D6B65100B1E75A /* Preview Assets.xcassets */ = {isa = PBXFileReference; lastKnownFileType = folder.assetcatalog; path = "Preview Assets.xcassets"; sourceTree = "<group>"; };
		49A01F5225D6B65100B1E75A /* Info.plist */ = {isa = PBXFileReference; lastKnownFileType = text.plist.xml; path = Info.plist; sourceTree = "<group>"; };
		49A01F5D25D6C6E600B1E75A /* WidgetsExtension.appex */ = {isa = PBXFileReference; explicitFileType = "wrapper.app-extension"; includeInIndex = 0; path = WidgetsExtension.appex; sourceTree = BUILT_PRODUCTS_DIR; };
		49A01F5F25D6C6E600B1E75A /* WidgetKit.framework */ = {isa = PBXFileReference; lastKnownFileType = wrapper.framework; name = WidgetKit.framework; path = System/Library/Frameworks/WidgetKit.framework; sourceTree = SDKROOT; };
		49A01F6125D6C6E600B1E75A /* SwiftUI.framework */ = {isa = PBXFileReference; lastKnownFileType = wrapper.framework; name = SwiftUI.framework; path = System/Library/Frameworks/SwiftUI.framework; sourceTree = SDKROOT; };
		49A01F6625D6C6E700B1E75A /* Assets.xcassets */ = {isa = PBXFileReference; lastKnownFileType = folder.assetcatalog; path = Assets.xcassets; sourceTree = "<group>"; };
		49A01F6825D6C6E700B1E75A /* Info.plist */ = {isa = PBXFileReference; lastKnownFileType = text.plist.xml; path = Info.plist; sourceTree = "<group>"; };
		49A01F7225D6C78B00B1E75A /* PhotoWidget.swift */ = {isa = PBXFileReference; lastKnownFileType = sourcecode.swift; path = PhotoWidget.swift; sourceTree = "<group>"; };
		49A01F7825D6C92B00B1E75A /* PhotoWidgetView.swift */ = {isa = PBXFileReference; lastKnownFileType = sourcecode.swift; path = PhotoWidgetView.swift; sourceTree = "<group>"; };
		49A01F8425D6C9A900B1E75A /* PhotoWidgetData.swift */ = {isa = PBXFileReference; lastKnownFileType = sourcecode.swift; path = PhotoWidgetData.swift; sourceTree = "<group>"; };
		49D5BE2625D7F45A003EBA9F /* WidgetLayout.swift */ = {isa = PBXFileReference; lastKnownFileType = sourcecode.swift; path = WidgetLayout.swift; sourceTree = "<group>"; };
		49D5BE3B25D81B09003EBA9F /* PhotoWidgetSettings.swift */ = {isa = PBXFileReference; lastKnownFileType = sourcecode.swift; path = PhotoWidgetSettings.swift; sourceTree = "<group>"; };
		49D5BE4025D81C1A003EBA9F /* WidgetBuilderView.swift */ = {isa = PBXFileReference; lastKnownFileType = sourcecode.swift; path = WidgetBuilderView.swift; sourceTree = "<group>"; };
		49D5BE4725D81D23003EBA9F /* WidgetPreviewView.swift */ = {isa = PBXFileReference; lastKnownFileType = sourcecode.swift; path = WidgetPreviewView.swift; sourceTree = "<group>"; };
		49D5BE6125D8356A003EBA9F /* WidgetUtil.swift */ = {isa = PBXFileReference; lastKnownFileType = sourcecode.swift; path = WidgetUtil.swift; sourceTree = "<group>"; };
		49D5BE6525D83FB6003EBA9F /* WidgetSettingsView.swift */ = {isa = PBXFileReference; lastKnownFileType = sourcecode.swift; path = WidgetSettingsView.swift; sourceTree = "<group>"; };
		49D5BE6C25D840B7003EBA9F /* WidgetFamilySelector.swift */ = {isa = PBXFileReference; lastKnownFileType = sourcecode.swift; path = WidgetFamilySelector.swift; sourceTree = "<group>"; };
/* End PBXFileReference section */

/* Begin PBXFrameworksBuildPhase section */
		49A01F4325D6B64E00B1E75A /* Frameworks */ = {
			isa = PBXFrameworksBuildPhase;
			buildActionMask = 2147483647;
			files = (
				49D5BE3425D81861003EBA9F /* URLImage in Frameworks */,
			);
			runOnlyForDeploymentPostprocessing = 0;
		};
		49A01F5A25D6C6E600B1E75A /* Frameworks */ = {
			isa = PBXFrameworksBuildPhase;
			buildActionMask = 2147483647;
			files = (
				49A01F6225D6C6E600B1E75A /* SwiftUI.framework in Frameworks */,
				49D5BE3825D81986003EBA9F /* URLImage in Frameworks */,
				49A01F6025D6C6E600B1E75A /* WidgetKit.framework in Frameworks */,
			);
			runOnlyForDeploymentPostprocessing = 0;
		};
/* End PBXFrameworksBuildPhase section */

/* Begin PBXGroup section */
		49A01F3D25D6B64E00B1E75A = {
			isa = PBXGroup;
			children = (
				49A01F4825D6B64E00B1E75A /* PhotoWidget */,
				49A01F6325D6C6E600B1E75A /* Widgets */,
				49A01F5E25D6C6E600B1E75A /* Frameworks */,
				49A01F4725D6B64E00B1E75A /* Products */,
			);
			sourceTree = "<group>";
		};
		49A01F4725D6B64E00B1E75A /* Products */ = {
			isa = PBXGroup;
			children = (
				49A01F4625D6B64E00B1E75A /* PhotoWidget.app */,
				49A01F5D25D6C6E600B1E75A /* WidgetsExtension.appex */,
			);
			name = Products;
			sourceTree = "<group>";
		};
		49A01F4825D6B64E00B1E75A /* PhotoWidget */ = {
			isa = PBXGroup;
			children = (
				49D5BE3B25D81B09003EBA9F /* PhotoWidgetSettings.swift */,
				49A01F4925D6B64E00B1E75A /* PhotoWidgetApp.swift */,
				49D5BE6925D83FCD003EBA9F /* View */,
				49A01F4D25D6B65100B1E75A /* Assets.xcassets */,
				49A01F5225D6B65100B1E75A /* Info.plist */,
				49A01F4F25D6B65100B1E75A /* Preview Content */,
			);
			path = PhotoWidget;
			sourceTree = "<group>";
		};
		49A01F4F25D6B65100B1E75A /* Preview Content */ = {
			isa = PBXGroup;
			children = (
				49A01F5025D6B65100B1E75A /* Preview Assets.xcassets */,
			);
			path = "Preview Content";
			sourceTree = "<group>";
		};
		49A01F5E25D6C6E600B1E75A /* Frameworks */ = {
			isa = PBXGroup;
			children = (
				49A01F5F25D6C6E600B1E75A /* WidgetKit.framework */,
				49A01F6125D6C6E600B1E75A /* SwiftUI.framework */,
			);
			name = Frameworks;
			sourceTree = "<group>";
		};
		49A01F6325D6C6E600B1E75A /* Widgets */ = {
			isa = PBXGroup;
			children = (
				49A01F7225D6C78B00B1E75A /* PhotoWidget.swift */,
				49D5BE2625D7F45A003EBA9F /* WidgetLayout.swift */,
				49A01F8425D6C9A900B1E75A /* PhotoWidgetData.swift */,
				49A01F7825D6C92B00B1E75A /* PhotoWidgetView.swift */,
				49A01F6625D6C6E700B1E75A /* Assets.xcassets */,
				49A01F6825D6C6E700B1E75A /* Info.plist */,
			);
			path = Widgets;
			sourceTree = "<group>";
		};
		49D5BE6925D83FCD003EBA9F /* View */ = {
			isa = PBXGroup;
			children = (
				49D5BE4025D81C1A003EBA9F /* WidgetBuilderView.swift */,
				49D5BE4725D81D23003EBA9F /* WidgetPreviewView.swift */,
				49D5BE6525D83FB6003EBA9F /* WidgetSettingsView.swift */,
				49D5BE6C25D840B7003EBA9F /* WidgetFamilySelector.swift */,
				49D5BE6125D8356A003EBA9F /* WidgetUtil.swift */,
			);
			path = View;
			sourceTree = "<group>";
		};
/* End PBXGroup section */

/* Begin PBXNativeTarget section */
		49A01F4525D6B64E00B1E75A /* PhotoWidget */ = {
			isa = PBXNativeTarget;
			buildConfigurationList = 49A01F5525D6B65100B1E75A /* Build configuration list for PBXNativeTarget "PhotoWidget" */;
			buildPhases = (
				49A01F4225D6B64E00B1E75A /* Sources */,
				49A01F4325D6B64E00B1E75A /* Frameworks */,
				49A01F4425D6B64E00B1E75A /* Resources */,
				49A01F6F25D6C6E700B1E75A /* Embed App Extensions */,
			);
			buildRules = (
			);
			dependencies = (
				49A01F6A25D6C6E700B1E75A /* PBXTargetDependency */,
			);
			name = PhotoWidget;
			packageProductDependencies = (
				49D5BE3325D81861003EBA9F /* URLImage */,
			);
			productName = PhotoWidget;
			productReference = 49A01F4625D6B64E00B1E75A /* PhotoWidget.app */;
			productType = "com.apple.product-type.application";
		};
		49A01F5C25D6C6E600B1E75A /* WidgetsExtension */ = {
			isa = PBXNativeTarget;
			buildConfigurationList = 49A01F6C25D6C6E700B1E75A /* Build configuration list for PBXNativeTarget "WidgetsExtension" */;
			buildPhases = (
				49A01F5925D6C6E600B1E75A /* Sources */,
				49A01F5A25D6C6E600B1E75A /* Frameworks */,
				49A01F5B25D6C6E600B1E75A /* Resources */,
			);
			buildRules = (
			);
			dependencies = (
			);
			name = WidgetsExtension;
			packageProductDependencies = (
				49D5BE3725D81986003EBA9F /* URLImage */,
			);
			productName = WidgetsExtension;
			productReference = 49A01F5D25D6C6E600B1E75A /* WidgetsExtension.appex */;
			productType = "com.apple.product-type.app-extension";
		};
/* End PBXNativeTarget section */

/* Begin PBXProject section */
		49A01F3E25D6B64E00B1E75A /* Project object */ = {
			isa = PBXProject;
			attributes = {
				LastSwiftUpdateCheck = 1240;
				LastUpgradeCheck = 1240;
				TargetAttributes = {
					49A01F4525D6B64E00B1E75A = {
						CreatedOnToolsVersion = 12.4;
					};
					49A01F5C25D6C6E600B1E75A = {
						CreatedOnToolsVersion = 12.4;
					};
				};
			};
			buildConfigurationList = 49A01F4125D6B64E00B1E75A /* Build configuration list for PBXProject "PhotoWidget" */;
			compatibilityVersion = "Xcode 9.3";
			developmentRegion = en;
			hasScannedForEncodings = 0;
			knownRegions = (
				en,
				Base,
			);
			mainGroup = 49A01F3D25D6B64E00B1E75A;
			packageReferences = (
				49D5BE3225D81861003EBA9F /* XCRemoteSwiftPackageReference "url-image" */,
			);
			productRefGroup = 49A01F4725D6B64E00B1E75A /* Products */;
			projectDirPath = "";
			projectRoot = "";
			targets = (
				49A01F4525D6B64E00B1E75A /* PhotoWidget */,
				49A01F5C25D6C6E600B1E75A /* WidgetsExtension */,
			);
		};
/* End PBXProject section */

/* Begin PBXResourcesBuildPhase section */
		49A01F4425D6B64E00B1E75A /* Resources */ = {
			isa = PBXResourcesBuildPhase;
			buildActionMask = 2147483647;
			files = (
				49A01F5125D6B65100B1E75A /* Preview Assets.xcassets in Resources */,
				49D5BE5E25D82359003EBA9F /* Assets.xcassets in Resources */,
				49A01F4E25D6B65100B1E75A /* Assets.xcassets in Resources */,
			);
			runOnlyForDeploymentPostprocessing = 0;
		};
		49A01F5B25D6C6E600B1E75A /* Resources */ = {
			isa = PBXResourcesBuildPhase;
			buildActionMask = 2147483647;
			files = (
				49A01F6725D6C6E700B1E75A /* Assets.xcassets in Resources */,
			);
			runOnlyForDeploymentPostprocessing = 0;
		};
/* End PBXResourcesBuildPhase section */

/* Begin PBXSourcesBuildPhase section */
		49A01F4225D6B64E00B1E75A /* Sources */ = {
			isa = PBXSourcesBuildPhase;
			buildActionMask = 2147483647;
			files = (
				49A01F8525D6C9A900B1E75A /* PhotoWidgetData.swift in Sources */,
				49A01F7925D6C92B00B1E75A /* PhotoWidgetView.swift in Sources */,
				49D5BE6D25D840B7003EBA9F /* WidgetFamilySelector.swift in Sources */,
				49D5BE4F25D821F1003EBA9F /* PhotoWidgetSettings.swift in Sources */,
				49D5BE5425D82206003EBA9F /* WidgetPreviewView.swift in Sources */,
				49D5BE2725D7F45A003EBA9F /* WidgetLayout.swift in Sources */,
				49D5BE6625D83FB6003EBA9F /* WidgetSettingsView.swift in Sources */,
				49D5BE6225D8356A003EBA9F /* WidgetUtil.swift in Sources */,
				49A01F4A25D6B64E00B1E75A /* PhotoWidgetApp.swift in Sources */,
				49D5BE5B25D82223003EBA9F /* WidgetBuilderView.swift in Sources */,
			);
			runOnlyForDeploymentPostprocessing = 0;
		};
		49A01F5925D6C6E600B1E75A /* Sources */ = {
			isa = PBXSourcesBuildPhase;
			buildActionMask = 2147483647;
			files = (
				49A01F8125D6C93600B1E75A /* PhotoWidget.swift in Sources */,
				49A01F7C25D6C93000B1E75A /* PhotoWidgetView.swift in Sources */,
				49A01F8825D6CA0F00B1E75A /* PhotoWidgetData.swift in Sources */,
				49D5BE2825D7F45A003EBA9F /* WidgetLayout.swift in Sources */,
			);
			runOnlyForDeploymentPostprocessing = 0;
		};
/* End PBXSourcesBuildPhase section */

/* Begin PBXTargetDependency section */
		49A01F6A25D6C6E700B1E75A /* PBXTargetDependency */ = {
			isa = PBXTargetDependency;
			target = 49A01F5C25D6C6E600B1E75A /* WidgetsExtension */;
			targetProxy = 49A01F6925D6C6E700B1E75A /* PBXContainerItemProxy */;
		};
/* End PBXTargetDependency section */

/* Begin XCBuildConfiguration section */
		49A01F5325D6B65100B1E75A /* Debug */ = {
			isa = XCBuildConfiguration;
			buildSettings = {
				ALWAYS_SEARCH_USER_PATHS = NO;
				CLANG_ANALYZER_NONNULL = YES;
				CLANG_ANALYZER_NUMBER_OBJECT_CONVERSION = YES_AGGRESSIVE;
				CLANG_CXX_LANGUAGE_STANDARD = "gnu++14";
				CLANG_CXX_LIBRARY = "libc++";
				CLANG_ENABLE_MODULES = YES;
				CLANG_ENABLE_OBJC_ARC = YES;
				CLANG_ENABLE_OBJC_WEAK = YES;
				CLANG_WARN_BLOCK_CAPTURE_AUTORELEASING = YES;
				CLANG_WARN_BOOL_CONVERSION = YES;
				CLANG_WARN_COMMA = YES;
				CLANG_WARN_CONSTANT_CONVERSION = YES;
				CLANG_WARN_DEPRECATED_OBJC_IMPLEMENTATIONS = YES;
				CLANG_WARN_DIRECT_OBJC_ISA_USAGE = YES_ERROR;
				CLANG_WARN_DOCUMENTATION_COMMENTS = YES;
				CLANG_WARN_EMPTY_BODY = YES;
				CLANG_WARN_ENUM_CONVERSION = YES;
				CLANG_WARN_INFINITE_RECURSION = YES;
				CLANG_WARN_INT_CONVERSION = YES;
				CLANG_WARN_NON_LITERAL_NULL_CONVERSION = YES;
				CLANG_WARN_OBJC_IMPLICIT_RETAIN_SELF = YES;
				CLANG_WARN_OBJC_LITERAL_CONVERSION = YES;
				CLANG_WARN_OBJC_ROOT_CLASS = YES_ERROR;
				CLANG_WARN_QUOTED_INCLUDE_IN_FRAMEWORK_HEADER = YES;
				CLANG_WARN_RANGE_LOOP_ANALYSIS = YES;
				CLANG_WARN_STRICT_PROTOTYPES = YES;
				CLANG_WARN_SUSPICIOUS_MOVE = YES;
				CLANG_WARN_UNGUARDED_AVAILABILITY = YES_AGGRESSIVE;
				CLANG_WARN_UNREACHABLE_CODE = YES;
				CLANG_WARN__DUPLICATE_METHOD_MATCH = YES;
				COPY_PHASE_STRIP = NO;
				DEBUG_INFORMATION_FORMAT = dwarf;
				ENABLE_STRICT_OBJC_MSGSEND = YES;
				ENABLE_TESTABILITY = YES;
				GCC_C_LANGUAGE_STANDARD = gnu11;
				GCC_DYNAMIC_NO_PIC = NO;
				GCC_NO_COMMON_BLOCKS = YES;
				GCC_OPTIMIZATION_LEVEL = 0;
				GCC_PREPROCESSOR_DEFINITIONS = (
					"DEBUG=1",
					"$(inherited)",
				);
				GCC_WARN_64_TO_32_BIT_CONVERSION = YES;
				GCC_WARN_ABOUT_RETURN_TYPE = YES_ERROR;
				GCC_WARN_UNDECLARED_SELECTOR = YES;
				GCC_WARN_UNINITIALIZED_AUTOS = YES_AGGRESSIVE;
				GCC_WARN_UNUSED_FUNCTION = YES;
				GCC_WARN_UNUSED_VARIABLE = YES;
				IPHONEOS_DEPLOYMENT_TARGET = 14.4;
				MTL_ENABLE_DEBUG_INFO = INCLUDE_SOURCE;
				MTL_FAST_MATH = YES;
				ONLY_ACTIVE_ARCH = YES;
				SDKROOT = iphoneos;
				SWIFT_ACTIVE_COMPILATION_CONDITIONS = DEBUG;
				SWIFT_OPTIMIZATION_LEVEL = "-Onone";
			};
			name = Debug;
		};
		49A01F5425D6B65100B1E75A /* Release */ = {
			isa = XCBuildConfiguration;
			buildSettings = {
				ALWAYS_SEARCH_USER_PATHS = NO;
				CLANG_ANALYZER_NONNULL = YES;
				CLANG_ANALYZER_NUMBER_OBJECT_CONVERSION = YES_AGGRESSIVE;
				CLANG_CXX_LANGUAGE_STANDARD = "gnu++14";
				CLANG_CXX_LIBRARY = "libc++";
				CLANG_ENABLE_MODULES = YES;
				CLANG_ENABLE_OBJC_ARC = YES;
				CLANG_ENABLE_OBJC_WEAK = YES;
				CLANG_WARN_BLOCK_CAPTURE_AUTORELEASING = YES;
				CLANG_WARN_BOOL_CONVERSION = YES;
				CLANG_WARN_COMMA = YES;
				CLANG_WARN_CONSTANT_CONVERSION = YES;
				CLANG_WARN_DEPRECATED_OBJC_IMPLEMENTATIONS = YES;
				CLANG_WARN_DIRECT_OBJC_ISA_USAGE = YES_ERROR;
				CLANG_WARN_DOCUMENTATION_COMMENTS = YES;
				CLANG_WARN_EMPTY_BODY = YES;
				CLANG_WARN_ENUM_CONVERSION = YES;
				CLANG_WARN_INFINITE_RECURSION = YES;
				CLANG_WARN_INT_CONVERSION = YES;
				CLANG_WARN_NON_LITERAL_NULL_CONVERSION = YES;
				CLANG_WARN_OBJC_IMPLICIT_RETAIN_SELF = YES;
				CLANG_WARN_OBJC_LITERAL_CONVERSION = YES;
				CLANG_WARN_OBJC_ROOT_CLASS = YES_ERROR;
				CLANG_WARN_QUOTED_INCLUDE_IN_FRAMEWORK_HEADER = YES;
				CLANG_WARN_RANGE_LOOP_ANALYSIS = YES;
				CLANG_WARN_STRICT_PROTOTYPES = YES;
				CLANG_WARN_SUSPICIOUS_MOVE = YES;
				CLANG_WARN_UNGUARDED_AVAILABILITY = YES_AGGRESSIVE;
				CLANG_WARN_UNREACHABLE_CODE = YES;
				CLANG_WARN__DUPLICATE_METHOD_MATCH = YES;
				COPY_PHASE_STRIP = NO;
				DEBUG_INFORMATION_FORMAT = "dwarf-with-dsym";
				ENABLE_NS_ASSERTIONS = NO;
				ENABLE_STRICT_OBJC_MSGSEND = YES;
				GCC_C_LANGUAGE_STANDARD = gnu11;
				GCC_NO_COMMON_BLOCKS = YES;
				GCC_WARN_64_TO_32_BIT_CONVERSION = YES;
				GCC_WARN_ABOUT_RETURN_TYPE = YES_ERROR;
				GCC_WARN_UNDECLARED_SELECTOR = YES;
				GCC_WARN_UNINITIALIZED_AUTOS = YES_AGGRESSIVE;
				GCC_WARN_UNUSED_FUNCTION = YES;
				GCC_WARN_UNUSED_VARIABLE = YES;
				IPHONEOS_DEPLOYMENT_TARGET = 14.4;
				MTL_ENABLE_DEBUG_INFO = NO;
				MTL_FAST_MATH = YES;
				SDKROOT = iphoneos;
				SWIFT_COMPILATION_MODE = wholemodule;
				SWIFT_OPTIMIZATION_LEVEL = "-O";
				VALIDATE_PRODUCT = YES;
			};
			name = Release;
		};
		49A01F5625D6B65100B1E75A /* Debug */ = {
			isa = XCBuildConfiguration;
			buildSettings = {
				ALWAYS_EMBED_SWIFT_STANDARD_LIBRARIES = YES;
				ASSETCATALOG_COMPILER_APPICON_NAME = AppIcon;
				ASSETCATALOG_COMPILER_GLOBAL_ACCENT_COLOR_NAME = AccentColor;
				CODE_SIGN_STYLE = Automatic;
				DEVELOPMENT_ASSET_PATHS = "\"PhotoWidget/Preview Content\"";
				DEVELOPMENT_TEAM = RSA6B5TSXV;
				ENABLE_PREVIEWS = YES;
				INFOPLIST_FILE = PhotoWidget/Info.plist;
				IPHONEOS_DEPLOYMENT_TARGET = 14.0;
				LD_RUNPATH_SEARCH_PATHS = (
					"$(inherited)",
					"@executable_path/Frameworks",
				);
				PRODUCT_BUNDLE_IDENTIFIER = sirosh.ilya.PhotoWidget;
				PRODUCT_NAME = "$(TARGET_NAME)";
				SWIFT_VERSION = 5.0;
				TARGETED_DEVICE_FAMILY = "1,2";
			};
			name = Debug;
		};
		49A01F5725D6B65100B1E75A /* Release */ = {
			isa = XCBuildConfiguration;
			buildSettings = {
				ALWAYS_EMBED_SWIFT_STANDARD_LIBRARIES = YES;
				ASSETCATALOG_COMPILER_APPICON_NAME = AppIcon;
				ASSETCATALOG_COMPILER_GLOBAL_ACCENT_COLOR_NAME = AccentColor;
				CODE_SIGN_STYLE = Automatic;
				DEVELOPMENT_ASSET_PATHS = "\"PhotoWidget/Preview Content\"";
				DEVELOPMENT_TEAM = RSA6B5TSXV;
				ENABLE_PREVIEWS = YES;
				INFOPLIST_FILE = PhotoWidget/Info.plist;
				IPHONEOS_DEPLOYMENT_TARGET = 14.0;
				LD_RUNPATH_SEARCH_PATHS = (
					"$(inherited)",
					"@executable_path/Frameworks",
				);
				PRODUCT_BUNDLE_IDENTIFIER = sirosh.ilya.PhotoWidget;
				PRODUCT_NAME = "$(TARGET_NAME)";
				SWIFT_VERSION = 5.0;
				TARGETED_DEVICE_FAMILY = "1,2";
			};
			name = Release;
		};
		49A01F6D25D6C6E700B1E75A /* Debug */ = {
			isa = XCBuildConfiguration;
			buildSettings = {
				ASSETCATALOG_COMPILER_GLOBAL_ACCENT_COLOR_NAME = AccentColor;
				ASSETCATALOG_COMPILER_WIDGET_BACKGROUND_COLOR_NAME = WidgetBackground;
				CODE_SIGN_STYLE = Automatic;
				DEVELOPMENT_TEAM = RSA6B5TSXV;
				INFOPLIST_FILE = Widgets/Info.plist;
				LD_RUNPATH_SEARCH_PATHS = (
					"$(inherited)",
					"@executable_path/Frameworks",
					"@executable_path/../../Frameworks",
				);
				PRODUCT_BUNDLE_IDENTIFIER = sirosh.ilya.PhotoWidget.Widgets;
				PRODUCT_NAME = "$(TARGET_NAME)";
				SKIP_INSTALL = YES;
				SWIFT_VERSION = 5.0;
				TARGETED_DEVICE_FAMILY = "1,2";
			};
			name = Debug;
		};
		49A01F6E25D6C6E700B1E75A /* Release */ = {
			isa = XCBuildConfiguration;
			buildSettings = {
				ASSETCATALOG_COMPILER_GLOBAL_ACCENT_COLOR_NAME = AccentColor;
				ASSETCATALOG_COMPILER_WIDGET_BACKGROUND_COLOR_NAME = WidgetBackground;
				CODE_SIGN_STYLE = Automatic;
				DEVELOPMENT_TEAM = RSA6B5TSXV;
				INFOPLIST_FILE = Widgets/Info.plist;
				LD_RUNPATH_SEARCH_PATHS = (
					"$(inherited)",
					"@executable_path/Frameworks",
					"@executable_path/../../Frameworks",
				);
				PRODUCT_BUNDLE_IDENTIFIER = sirosh.ilya.PhotoWidget.Widgets;
				PRODUCT_NAME = "$(TARGET_NAME)";
				SKIP_INSTALL = YES;
				SWIFT_VERSION = 5.0;
				TARGETED_DEVICE_FAMILY = "1,2";
			};
			name = Release;
		};
/* End XCBuildConfiguration section */

/* Begin XCConfigurationList section */
		49A01F4125D6B64E00B1E75A /* Build configuration list for PBXProject "PhotoWidget" */ = {
			isa = XCConfigurationList;
			buildConfigurations = (
				49A01F5325D6B65100B1E75A /* Debug */,
				49A01F5425D6B65100B1E75A /* Release */,
			);
			defaultConfigurationIsVisible = 0;
			defaultConfigurationName = Release;
		};
		49A01F5525D6B65100B1E75A /* Build configuration list for PBXNativeTarget "PhotoWidget" */ = {
			isa = XCConfigurationList;
			buildConfigurations = (
				49A01F5625D6B65100B1E75A /* Debug */,
				49A01F5725D6B65100B1E75A /* Release */,
			);
			defaultConfigurationIsVisible = 0;
			defaultConfigurationName = Release;
		};
		49A01F6C25D6C6E700B1E75A /* Build configuration list for PBXNativeTarget "WidgetsExtension" */ = {
			isa = XCConfigurationList;
			buildConfigurations = (
				49A01F6D25D6C6E700B1E75A /* Debug */,
				49A01F6E25D6C6E700B1E75A /* Release */,
			);
			defaultConfigurationIsVisible = 0;
			defaultConfigurationName = Release;
		};
/* End XCConfigurationList section */

/* Begin XCRemoteSwiftPackageReference section */
		49D5BE3225D81861003EBA9F /* XCRemoteSwiftPackageReference "url-image" */ = {
			isa = XCRemoteSwiftPackageReference;
			repositoryURL = "https://github.com/dmytro-anokhin/url-image.git";
			requirement = {
				kind = upToNextMajorVersion;
				minimumVersion = 2.2.3;
			};
		};
/* End XCRemoteSwiftPackageReference section */

/* Begin XCSwiftPackageProductDependency section */
		49D5BE3325D81861003EBA9F /* URLImage */ = {
			isa = XCSwiftPackageProductDependency;
			package = 49D5BE3225D81861003EBA9F /* XCRemoteSwiftPackageReference "url-image" */;
			productName = URLImage;
		};
		49D5BE3725D81986003EBA9F /* URLImage */ = {
			isa = XCSwiftPackageProductDependency;
			package = 49D5BE3225D81861003EBA9F /* XCRemoteSwiftPackageReference "url-image" */;
			productName = URLImage;
		};
/* End XCSwiftPackageProductDependency section */
	};
	rootObject = 49A01F3E25D6B64E00B1E75A /* Project object */;
}
